{
  "name": "@tars/rpc",
  "version": "0.0.1",
  "lockfileVersion": 1,
  "requires": true,
  "dependencies": {
    "@tars/dyeing": {
      "version": "0.0.1",
      "resolved": "https://registry.npmjs.org/@tars/dyeing/-/dyeing-0.0.1.tgz",
      "integrity": "sha1-OGzxbVDKJP736y1G54R911iEP74="
    },
    "@tars/monitor": {
      "version": "0.0.2",
      "resolved": "https://registry.npmjs.org/@tars/monitor/-/monitor-0.0.2.tgz",
      "integrity": "sha1-cUtkmejM7eLpZ3vNd8nanPe+SOg=",
      "requires": {
        "@tars/rpc": "^0.0.1",
        "@tars/stream": "latest",
        "@tars/utils": "latest"
      }
    },
    "@tars/registry": {
      "version": "0.0.1",
      "resolved": "https://registry.npmjs.org/@tars/registry/-/registry-0.0.1.tgz",
      "integrity": "sha1-TOTSOrnZT4GF5+bCTZo5dllO1QE=",
      "requires": {
        "@tars/rpc": "latest",
        "@tars/stream": "latest"
      },
      "dependencies": {
        "@tars/rpc": {
          "version": "0.0.1",
          "resolved": "https://registry.npmjs.org/@tars/rpc/-/rpc-0.0.1.tgz",
          "integrity": "sha1-F61XvE4I9RZIGyhyyXhKR/85R64=",
          "requires": {
            "@tars/dyeing": "latest",
            "@tars/monitor": "latest",
            "@tars/registry": "latest",
            "@tars/stream": "latest",
            "@tars/utils": "latest"
          }
        }
      }
    },
    "@tars/rpc": {
      "version": "0.0.1",
      "resolved": "https://registry.npmjs.org/@tars/rpc/-/rpc-0.0.1.tgz",
      "integrity": "sha1-F61XvE4I9RZIGyhyyXhKR/85R64=",
      "requires": {
        "@tars/dyeing": "latest",
        "@tars/monitor": "latest",
        "@tars/registry": "latest",
        "@tars/stream": "latest",
        "@tars/utils": "latest"
      }
    },
    "@tars/stream": {
      "version": "0.0.1",
      "resolved": "https://registry.npmjs.org/@tars/stream/-/stream-0.0.1.tgz",
      "integrity": "sha1-+3aq2dA39eEBFsDTs2Q5GUG3ZU4="
    },
    "@tars/utils": {
      "version": "0.0.1",
      "resolved": "https://registry.npmjs.org/@tars/utils/-/utils-0.0.1.tgz",
      "integrity": "sha1-vm9/r+3qtvBxgux8+v9+aMhe73c=",
      "requires": {
        "bluebird": "^3.4.6"
      }
    },
    "@types/lodash": {
      "version": "4.14.109",
      "resolved": "https://registry.npmjs.org/@types/lodash/-/lodash-4.14.109.tgz",
      "integrity": "sha512-hop8SdPUEzbcJm6aTsmuwjIYQo1tqLseKCM+s2bBqTU2gErwI4fE+aqUVOlscPSQbKHKgtMMPoC+h4AIGOJYvw=="
    },
    "bluebird": {
      "version": "3.5.1",
      "resolved": "https://registry.npmjs.org/bluebird/-/bluebird-3.5.1.tgz",
      "integrity": "sha512-MKiLiV+I1AA596t9w1sQJ8jkiSr5+ZKi0WKrYGUn6d1Fx+Ij4tIj+m2WMQSGczs5jZVxV339chE8iwk6F64wjA=="
    },
    "lodash": {
      "version": "4.17.10",
      "resolved": "https://registry.npmjs.org/lodash/-/lodash-4.17.10.tgz",
      "integrity": "sha512-UejweD1pDoXu+AD825lWwp4ZGtSwgnpZxb3JDViD7StjQz+Nb/6l093lx4OQ0foGWNRoc19mWy7BzL+UAK2iVg=="
    }
  }
}
